
Microsoft Visual Studio Solution File, Format Version 12.00
# Visual Studio 2015
Project("{FAE04EC0-301F-11D3-BF4B-00C04F79EFBC}") = "Project001.CSharp", "Project001.CSharp.csproj", "{8F3B6924-7CA1-C083-888E-847F949A5C90}"
EndProject
Global
	GlobalSection(SolutionConfigurationPlatforms) = preSolution
		Debug|Any CPU = Debug|Any CPU
		Release|Any CPU = Release|Any CPU
	EndGlobalSection
	GlobalSection(ProjectConfigurationPlatforms) = postSolution
		{8F3B6924-7CA1-C083-888E-847F949A5C90}.Debug|Any CPU.ActiveCfg = Debug|Any CPU
		{8F3B6924-7CA1-C083-888E-847F949A5C90}.Debug|Any CPU.Build.0 = Debug|Any CPU
		{8F3B6924-7CA1-C083-888E-847F949A5C90}.Release|Any CPU.ActiveCfg = Release|Any CPU
		{8F3B6924-7CA1-C083-888E-847F949A5C90}.Release|Any CPU.Build.0 = Release|Any CPU
	EndGlobalSection
	GlobalSection(SolutionProperties) = preSolution
		HideSolutionNode = FALSE
	EndGlobalSection
EndGlobal
